
Microsoft Visual Studio Solution File, Format Version 12.00
# Visual Studio Version 17
VisualStudioVersion = 17.0.31903.59
MinimumVisualStudioVersion = 10.0.40219.1
Project("{FAE04EC0-301F-11D3-BF4B-00C04F79EFBC}") = "PasswordManager.API", "PasswordManager.API\PasswordManager.API.csproj", "{7A2B2893-8A4A-4E56-894E-72BF578B9EB3}"
EndProject
Project("{FAE04EC0-301F-11D3-BF4B-00C04F79EFBC}") = "PasswordManager.Repository", "PasswordManager.Repository\PasswordManager.Repository.csproj", "{33D603A0-8EF3-4A96-A1B5-CACF4C04C206}"
EndProject
Project("{FAE04EC0-301F-11D3-BF4B-00C04F79EFBC}") = "PasswordManager.Service", "PasswordManager.Service\PasswordManager.Service.csproj", "{5203ECE3-35FC-4E06-B7B4-D39855BCC1CE}"
EndProject
Project("{FAE04EC0-301F-11D3-BF4B-00C04F79EFBC}") = "PasswordManager.UnitTest", "PasswordManager.UnitTest\PasswordManager.UnitTest.csproj", "{A2A94C40-F6BF-48E6-ACB5-2B0A7DB3334E}"
EndProject
Global
	GlobalSection(SolutionConfigurationPlatforms) = preSolution
		Debug|Any CPU = Debug|Any CPU
		Release|Any CPU = Release|Any CPU
	EndGlobalSection
	GlobalSection(SolutionProperties) = preSolution
		HideSolutionNode = FALSE
	EndGlobalSection
	GlobalSection(ProjectConfigurationPlatforms) = postSolution
		{7A2B2893-8A4A-4E56-894E-72BF578B9EB3}.Debug|Any CPU.ActiveCfg = Debug|Any CPU
		{7A2B2893-8A4A-4E56-894E-72BF578B9EB3}.Debug|Any CPU.Build.0 = Debug|Any CPU
		{7A2B2893-8A4A-4E56-894E-72BF578B9EB3}.Release|Any CPU.ActiveCfg = Release|Any CPU
		{7A2B2893-8A4A-4E56-894E-72BF578B9EB3}.Release|Any CPU.Build.0 = Release|Any CPU
		{33D603A0-8EF3-4A96-A1B5-CACF4C04C206}.Debug|Any CPU.ActiveCfg = Debug|Any CPU
		{33D603A0-8EF3-4A96-A1B5-CACF4C04C206}.Debug|Any CPU.Build.0 = Debug|Any CPU
		{33D603A0-8EF3-4A96-A1B5-CACF4C04C206}.Release|Any CPU.ActiveCfg = Release|Any CPU
		{33D603A0-8EF3-4A96-A1B5-CACF4C04C206}.Release|Any CPU.Build.0 = Release|Any CPU
		{5203ECE3-35FC-4E06-B7B4-D39855BCC1CE}.Debug|Any CPU.ActiveCfg = Debug|Any CPU
		{5203ECE3-35FC-4E06-B7B4-D39855BCC1CE}.Debug|Any CPU.Build.0 = Debug|Any CPU
		{5203ECE3-35FC-4E06-B7B4-D39855BCC1CE}.Release|Any CPU.ActiveCfg = Release|Any CPU
		{5203ECE3-35FC-4E06-B7B4-D39855BCC1CE}.Release|Any CPU.Build.0 = Release|Any CPU
		{A2A94C40-F6BF-48E6-ACB5-2B0A7DB3334E}.Debug|Any CPU.ActiveCfg = Debug|Any CPU
		{A2A94C40-F6BF-48E6-ACB5-2B0A7DB3334E}.Debug|Any CPU.Build.0 = Debug|Any CPU
		{A2A94C40-F6BF-48E6-ACB5-2B0A7DB3334E}.Release|Any CPU.ActiveCfg = Release|Any CPU
		{A2A94C40-F6BF-48E6-ACB5-2B0A7DB3334E}.Release|Any CPU.Build.0 = Release|Any CPU
	EndGlobalSection
EndGlobal
